// !$*UTF8*$!
{
	archiveVersion = 1;
	classes = {
	};
	objectVersion = 51;
	objects = {

/* Begin PBXBuildFile section */
		153E16C81561D04153BF4EE3 /* Pods_CETAC.framework in Frameworks */ = {isa = PBXBuildFile; fileRef = B85A41DF25D81D44DDF917DB /* Pods_CETAC.framework */; };
		3E8C3680270E10520028F832 /* SeguimientoViewController.swift in Sources */ = {isa = PBXBuildFile; fileRef = 3E8C367F270E10520028F832 /* SeguimientoViewController.swift */; };
		3E8C36822712872C0028F832 /* GetSesionTestCase.swift in Sources */ = {isa = PBXBuildFile; fileRef = 3E8C36812712872C0028F832 /* GetSesionTestCase.swift */; };
		3E8C36882712C5AE0028F832 /* CrearSesionesTestCase.swift in Sources */ = {isa = PBXBuildFile; fileRef = 3E8C36872712C5AE0028F832 /* CrearSesionesTestCase.swift */; };
		4803866F271655FD0096C52D /* mindfulness1.png in Resources */ = {isa = PBXBuildFile; fileRef = 4803866B271655F70096C52D /* mindfulness1.png */; };
		48038670271655FD0096C52D /* logoterapia1.png in Resources */ = {isa = PBXBuildFile; fileRef = 4803866C271655F80096C52D /* logoterapia1.png */; };
		48038671271655FD0096C52D /* tanatologia1.png in Resources */ = {isa = PBXBuildFile; fileRef = 4803866D271655FA0096C52D /* tanatologia1.png */; };
		48038672271655FD0096C52D /* reiki1.png in Resources */ = {isa = PBXBuildFile; fileRef = 4803866E271655FB0096C52D /* reiki1.png */; };
		481EC14C27092A2500987AE1 /* SingUp2ViewController.swift in Sources */ = {isa = PBXBuildFile; fileRef = 481EC14B27092A2500987AE1 /* SingUp2ViewController.swift */; };
		4823AA3A270FA62100DDDC25 /* CETACTests.swift in Sources */ = {isa = PBXBuildFile; fileRef = 4823AA39270FA62100DDDC25 /* CETACTests.swift */; };
		4823AA42270FAE6700DDDC25 /* PerfilController.swift in Sources */ = {isa = PBXBuildFile; fileRef = 4823AA41270FAE6700DDDC25 /* PerfilController.swift */; };
		4823AA44270FAE9E00DDDC25 /* Validators.swift in Sources */ = {isa = PBXBuildFile; fileRef = 4823AA43270FAE9E00DDDC25 /* Validators.swift */; };
		4823AA46270FB21400DDDC25 /* ValidatorsTestCase.swift in Sources */ = {isa = PBXBuildFile; fileRef = 4823AA45270FB21400DDDC25 /* ValidatorsTestCase.swift */; };
		482FC93526D9C98E0008D31F /* ContactoViewController.swift in Sources */ = {isa = PBXBuildFile; fileRef = 482FC93426D9C98E0008D31F /* ContactoViewController.swift */; };
		4881CC8B26DEA1A600258340 /* AppIcon.appiconset in Resources */ = {isa = PBXBuildFile; fileRef = 4881CC8A26DEA1A600258340 /* AppIcon.appiconset */; };
		488332B926D9B853002F0FCC /* PantallasCETAC in Resources */ = {isa = PBXBuildFile; fileRef = 488332B826D9B853002F0FCC /* PantallasCETAC */; };
		48C66E542700E13000EA57B9 /* GoogleService-Info.plist in Resources */ = {isa = PBXBuildFile; fileRef = 48C66E532700E13000EA57B9 /* GoogleService-Info.plist */; };
		48C9E0C3270A2931002B72A9 /* TanatologoPerfilViewController.swift in Sources */ = {isa = PBXBuildFile; fileRef = 48C9E0C2270A2931002B72A9 /* TanatologoPerfilViewController.swift */; };
		48C9E0C5270A44D8002B72A9 /* AdminPerfilViewController.swift in Sources */ = {isa = PBXBuildFile; fileRef = 48C9E0C4270A44D8002B72A9 /* AdminPerfilViewController.swift */; };
		48C9E0C9270A6001002B72A9 /* LoginController.swift in Sources */ = {isa = PBXBuildFile; fileRef = 48C9E0C8270A6001002B72A9 /* LoginController.swift */; };
		48CB2027270CCE5400E2DB22 /* SingUpController.swift in Sources */ = {isa = PBXBuildFile; fileRef = 48CB2026270CCE5400E2DB22 /* SingUpController.swift */; };
		48D29C3326D5B9AD007FF79B /* AppDelegate.swift in Sources */ = {isa = PBXBuildFile; fileRef = 48D29C3226D5B9AD007FF79B /* AppDelegate.swift */; };
		48D29C3526D5B9AD007FF79B /* SceneDelegate.swift in Sources */ = {isa = PBXBuildFile; fileRef = 48D29C3426D5B9AD007FF79B /* SceneDelegate.swift */; };
		48D29C3726D5B9AD007FF79B /* ViewController.swift in Sources */ = {isa = PBXBuildFile; fileRef = 48D29C3626D5B9AD007FF79B /* ViewController.swift */; };
		48D29C3A26D5B9AD007FF79B /* Main.storyboard in Resources */ = {isa = PBXBuildFile; fileRef = 48D29C3826D5B9AD007FF79B /* Main.storyboard */; };
		48D29C3C26D5B9B3007FF79B /* Assets.xcassets in Resources */ = {isa = PBXBuildFile; fileRef = 48D29C3B26D5B9B3007FF79B /* Assets.xcassets */; };
		48D29C3F26D5B9B3007FF79B /* LaunchScreen.storyboard in Resources */ = {isa = PBXBuildFile; fileRef = 48D29C3D26D5B9B3007FF79B /* LaunchScreen.storyboard */; };
		48DA50552705119E00745442 /* SingUpViewController.swift in Sources */ = {isa = PBXBuildFile; fileRef = 48DA50542705119E00745442 /* SingUpViewController.swift */; };
		48DA5057270511BA00745442 /* LoginViewController.swift in Sources */ = {isa = PBXBuildFile; fileRef = 48DA5056270511BA00745442 /* LoginViewController.swift */; };
		48DAC8CD2710F105005B8598 /* PerfilTestCase.swift in Sources */ = {isa = PBXBuildFile; fileRef = 48DAC8CC2710F105005B8598 /* PerfilTestCase.swift */; };
		48DAC8CF2710F129005B8598 /* SingUpTestCase.swift in Sources */ = {isa = PBXBuildFile; fileRef = 48DAC8CE2710F129005B8598 /* SingUpTestCase.swift */; };
		48DAC8D12710F14A005B8598 /* LoginTestCase.swift in Sources */ = {isa = PBXBuildFile; fileRef = 48DAC8D02710F14A005B8598 /* LoginTestCase.swift */; };
		48E0E6FB271742DB0002FD97 /* MotivoChartViewController.swift in Sources */ = {isa = PBXBuildFile; fileRef = 48E0E6FA271742DB0002FD97 /* MotivoChartViewController.swift */; };
		48E0E6FF27174DE60002FD97 /* MotivoController.swift in Sources */ = {isa = PBXBuildFile; fileRef = 48E0E6FE27174DE60002FD97 /* MotivoController.swift */; };
		48F81A0326F59FAB000197FB /* iconos in Resources */ = {isa = PBXBuildFile; fileRef = 48F81A0226F59FAB000197FB /* iconos */; };
		650A7331271A5CEE00E29861 /* generoPickerView.swift in Sources */ = {isa = PBXBuildFile; fileRef = 650A7330271A5CEE00E29861 /* generoPickerView.swift */; };
		650A7333271A692900E29861 /* SesionesTableViewController.swift in Sources */ = {isa = PBXBuildFile; fileRef = 650A7332271A692900E29861 /* SesionesTableViewController.swift */; };
		650A7337271A6B1E00E29861 /* SesionTableViewCell.swift in Sources */ = {isa = PBXBuildFile; fileRef = 650A7336271A6B1E00E29861 /* SesionTableViewCell.swift */; };
		650A7339271A9CEB00E29861 /* SesionDetalleViewController.swift in Sources */ = {isa = PBXBuildFile; fileRef = 650A7338271A9CEB00E29861 /* SesionDetalleViewController.swift */; };
		652B6A2E270DDF49007E4FD7 /* Colors.swift in Sources */ = {isa = PBXBuildFile; fileRef = 652B6A2D270DDF49007E4FD7 /* Colors.swift */; };
		652B6A30270DDF69007E4FD7 /* Usuario.swift in Sources */ = {isa = PBXBuildFile; fileRef = 652B6A2F270DDF69007E4FD7 /* Usuario.swift */; };
		652B6A32270DDF87007E4FD7 /* UsuarioController.swift in Sources */ = {isa = PBXBuildFile; fileRef = 652B6A31270DDF87007E4FD7 /* UsuarioController.swift */; };
		652B6A34270DDF9D007E4FD7 /* Sesion.swift in Sources */ = {isa = PBXBuildFile; fileRef = 652B6A33270DDF9D007E4FD7 /* Sesion.swift */; };
		652B6A36270DDFB5007E4FD7 /* SesionController.swift in Sources */ = {isa = PBXBuildFile; fileRef = 652B6A35270DDFB5007E4FD7 /* SesionController.swift */; };
		652B6A38270DE1A7007E4FD7 /* UsuarioTableViewCell.swift in Sources */ = {isa = PBXBuildFile; fileRef = 652B6A37270DE1A7007E4FD7 /* UsuarioTableViewCell.swift */; };
		652B6A3A270DE1D0007E4FD7 /* UsuariosTableViewController.swift in Sources */ = {isa = PBXBuildFile; fileRef = 652B6A39270DE1D0007E4FD7 /* UsuariosTableViewController.swift */; };
		652B6A3C270DE216007E4FD7 /* DetalleUsuarioViewController.swift in Sources */ = {isa = PBXBuildFile; fileRef = 652B6A3B270DE216007E4FD7 /* DetalleUsuarioViewController.swift */; };
		652B6A3E270DE36A007E4FD7 /* EncuadreViewController.swift in Sources */ = {isa = PBXBuildFile; fileRef = 652B6A3D270DE36A007E4FD7 /* EncuadreViewController.swift */; };
		652B6A40270DE3C4007E4FD7 /* motivosPickerView.swift in Sources */ = {isa = PBXBuildFile; fileRef = 652B6A3F270DE3C4007E4FD7 /* motivosPickerView.swift */; };
		652B6A42270DE3DE007E4FD7 /* herramientasPickerView.swift in Sources */ = {isa = PBXBuildFile; fileRef = 652B6A41270DE3DE007E4FD7 /* herramientasPickerView.swift */; };
		652B6A44270DE3FB007E4FD7 /* intervencionPickerView.swift in Sources */ = {isa = PBXBuildFile; fileRef = 652B6A43270DE3FB007E4FD7 /* intervencionPickerView.swift */; };
		652B6A46270DE417007E4FD7 /* servicioPickerView.swift in Sources */ = {isa = PBXBuildFile; fileRef = 652B6A45270DE417007E4FD7 /* servicioPickerView.swift */; };
		652B6A48270DE434007E4FD7 /* estadoCivilPickerView.swift in Sources */ = {isa = PBXBuildFile; fileRef = 652B6A47270DE434007E4FD7 /* estadoCivilPickerView.swift */; };
		652B6A51270E14E4007E4FD7 /* Tanatologo.swift in Sources */ = {isa = PBXBuildFile; fileRef = 652B6A50270E14E4007E4FD7 /* Tanatologo.swift */; };
		652B6A53270E1503007E4FD7 /* TanatologoController.swift in Sources */ = {isa = PBXBuildFile; fileRef = 652B6A52270E1503007E4FD7 /* TanatologoController.swift */; };
		6550C35F271B50C1009DDD9C /* CuotasChartViewController.swift in Sources */ = {isa = PBXBuildFile; fileRef = 6550C35E271B50C1009DDD9C /* CuotasChartViewController.swift */; };
		6550C361271B5113009DDD9C /* CuotasController.swift in Sources */ = {isa = PBXBuildFile; fileRef = 6550C360271B5113009DDD9C /* CuotasController.swift */; };
		659C4A4E27120C670096679B /* CerrarExpedienteTestCase.swift in Sources */ = {isa = PBXBuildFile; fileRef = 659C4A4D27120C670096679B /* CerrarExpedienteTestCase.swift */; };
		659C4A502712111D0096679B /* UpdateProximaSesionTestCase.swift in Sources */ = {isa = PBXBuildFile; fileRef = 659C4A4F2712111D0096679B /* UpdateProximaSesionTestCase.swift */; };
		659C4A54271212EE0096679B /* CrearUsusariosTestCase.swift in Sources */ = {isa = PBXBuildFile; fileRef = 659C4A53271212EE0096679B /* CrearUsusariosTestCase.swift */; };
		659C4A58271217810096679B /* GetUsuariosTestCase.swift in Sources */ = {isa = PBXBuildFile; fileRef = 659C4A57271217810096679B /* GetUsuariosTestCase.swift */; };
		DCF8254EDF6171D39ED93474 /* Pods_CETACTests.framework in Frameworks */ = {isa = PBXBuildFile; fileRef = 3DEC5B153361C3CECCD32DD0 /* Pods_CETACTests.framework */; };
/* End PBXBuildFile section */

/* Begin PBXContainerItemProxy section */
		4823AA3C270FA62100DDDC25 /* PBXContainerItemProxy */ = {
			isa = PBXContainerItemProxy;
			containerPortal = 48D29C2726D5B9AC007FF79B /* Project object */;
			proxyType = 1;
			remoteGlobalIDString = 48D29C2E26D5B9AD007FF79B;
			remoteInfo = CETAC;
		};
/* End PBXContainerItemProxy section */

/* Begin PBXFileReference section */
		1EEA6879E585D199710BA2A9 /* Pods-CETAC.debug.xcconfig */ = {isa = PBXFileReference; includeInIndex = 1; lastKnownFileType = text.xcconfig; name = "Pods-CETAC.debug.xcconfig"; path = "Target Support Files/Pods-CETAC/Pods-CETAC.debug.xcconfig"; sourceTree = "<group>"; };
		3DEC5B153361C3CECCD32DD0 /* Pods_CETACTests.framework */ = {isa = PBXFileReference; explicitFileType = wrapper.framework; includeInIndex = 0; path = Pods_CETACTests.framework; sourceTree = BUILT_PRODUCTS_DIR; };
		3E8C367F270E10520028F832 /* SeguimientoViewController.swift */ = {isa = PBXFileReference; fileEncoding = 4; lastKnownFileType = sourcecode.swift; path = SeguimientoViewController.swift; sourceTree = "<group>"; };
		3E8C36812712872C0028F832 /* GetSesionTestCase.swift */ = {isa = PBXFileReference; lastKnownFileType = sourcecode.swift; path = GetSesionTestCase.swift; sourceTree = "<group>"; };
		3E8C36872712C5AE0028F832 /* CrearSesionesTestCase.swift */ = {isa = PBXFileReference; lastKnownFileType = sourcecode.swift; path = CrearSesionesTestCase.swift; sourceTree = "<group>"; };
		48038660271650790096C52D /* biomagnetismo1.png */ = {isa = PBXFileReference; lastKnownFileType = image.png; path = biomagnetismo1.png; sourceTree = "<group>"; };
		48038661271650790096C52D /* angeloterapia1.png */ = {isa = PBXFileReference; lastKnownFileType = image.png; path = angeloterapia1.png; sourceTree = "<group>"; };
		48038662271650790096C52D /* termica1.png */ = {isa = PBXFileReference; lastKnownFileType = image.png; path = termica1.png; sourceTree = "<group>"; };
		48038663271650790096C52D /* cristales1.png */ = {isa = PBXFileReference; lastKnownFileType = image.png; path = cristales1.png; sourceTree = "<group>"; };
		48038664271650790096C52D /* grupal1.png */ = {isa = PBXFileReference; lastKnownFileType = image.png; path = grupal1.png; sourceTree = "<group>"; };
		48038665271650790096C52D /* brisas1.png */ = {isa = PBXFileReference; lastKnownFileType = image.png; path = brisas1.png; sourceTree = "<group>"; };
		48038666271650790096C52D /* individual1.png */ = {isa = PBXFileReference; lastKnownFileType = image.png; path = individual1.png; sourceTree = "<group>"; };
		48038668271650790096C52D /* aromaterapiaMusicoterapia1.png */ = {isa = PBXFileReference; lastKnownFileType = image.png; path = aromaterapiaMusicoterapia1.png; sourceTree = "<group>"; };
		48038669271650790096C52D /* floresBach1.png */ = {isa = PBXFileReference; lastKnownFileType = image.png; path = floresBach1.png; sourceTree = "<group>"; };
		4803866B271655F70096C52D /* mindfulness1.png */ = {isa = PBXFileReference; lastKnownFileType = image.png; path = mindfulness1.png; sourceTree = "<group>"; };
		4803866C271655F80096C52D /* logoterapia1.png */ = {isa = PBXFileReference; lastKnownFileType = image.png; path = logoterapia1.png; sourceTree = "<group>"; };
		4803866D271655FA0096C52D /* tanatologia1.png */ = {isa = PBXFileReference; lastKnownFileType = image.png; path = tanatologia1.png; sourceTree = "<group>"; };
		4803866E271655FB0096C52D /* reiki1.png */ = {isa = PBXFileReference; lastKnownFileType = image.png; path = reiki1.png; sourceTree = "<group>"; };
		481EC14B27092A2500987AE1 /* SingUp2ViewController.swift */ = {isa = PBXFileReference; lastKnownFileType = sourcecode.swift; path = SingUp2ViewController.swift; sourceTree = "<group>"; };
		4823AA37270FA62000DDDC25 /* CETACTests.xctest */ = {isa = PBXFileReference; explicitFileType = wrapper.cfbundle; includeInIndex = 0; path = CETACTests.xctest; sourceTree = BUILT_PRODUCTS_DIR; };
		4823AA39270FA62100DDDC25 /* CETACTests.swift */ = {isa = PBXFileReference; lastKnownFileType = sourcecode.swift; path = CETACTests.swift; sourceTree = "<group>"; };
		4823AA3B270FA62100DDDC25 /* Info.plist */ = {isa = PBXFileReference; lastKnownFileType = text.plist.xml; path = Info.plist; sourceTree = "<group>"; };
		4823AA41270FAE6700DDDC25 /* PerfilController.swift */ = {isa = PBXFileReference; lastKnownFileType = sourcecode.swift; path = PerfilController.swift; sourceTree = "<group>"; };
		4823AA43270FAE9E00DDDC25 /* Validators.swift */ = {isa = PBXFileReference; lastKnownFileType = sourcecode.swift; path = Validators.swift; sourceTree = "<group>"; };
		4823AA45270FB21400DDDC25 /* ValidatorsTestCase.swift */ = {isa = PBXFileReference; lastKnownFileType = sourcecode.swift; path = ValidatorsTestCase.swift; sourceTree = "<group>"; };
		482FC93426D9C98E0008D31F /* ContactoViewController.swift */ = {isa = PBXFileReference; lastKnownFileType = sourcecode.swift; path = ContactoViewController.swift; sourceTree = "<group>"; };
		4881CC8A26DEA1A600258340 /* AppIcon.appiconset */ = {isa = PBXFileReference; lastKnownFileType = folder; path = AppIcon.appiconset; sourceTree = "<group>"; };
		488332B826D9B853002F0FCC /* PantallasCETAC */ = {isa = PBXFileReference; lastKnownFileType = folder; path = PantallasCETAC; sourceTree = "<group>"; };
		48C66E532700E13000EA57B9 /* GoogleService-Info.plist */ = {isa = PBXFileReference; fileEncoding = 4; lastKnownFileType = text.plist.xml; path = "GoogleService-Info.plist"; sourceTree = "<group>"; };
		48C9E0C2270A2931002B72A9 /* TanatologoPerfilViewController.swift */ = {isa = PBXFileReference; lastKnownFileType = sourcecode.swift; path = TanatologoPerfilViewController.swift; sourceTree = "<group>"; };
		48C9E0C4270A44D8002B72A9 /* AdminPerfilViewController.swift */ = {isa = PBXFileReference; lastKnownFileType = sourcecode.swift; path = AdminPerfilViewController.swift; sourceTree = "<group>"; };
		48C9E0C8270A6001002B72A9 /* LoginController.swift */ = {isa = PBXFileReference; lastKnownFileType = sourcecode.swift; path = LoginController.swift; sourceTree = "<group>"; };
		48CB2026270CCE5400E2DB22 /* SingUpController.swift */ = {isa = PBXFileReference; lastKnownFileType = sourcecode.swift; path = SingUpController.swift; sourceTree = "<group>"; };
		48D29C2F26D5B9AD007FF79B /* CETAC.app */ = {isa = PBXFileReference; explicitFileType = wrapper.application; includeInIndex = 0; path = CETAC.app; sourceTree = BUILT_PRODUCTS_DIR; };
		48D29C3226D5B9AD007FF79B /* AppDelegate.swift */ = {isa = PBXFileReference; lastKnownFileType = sourcecode.swift; path = AppDelegate.swift; sourceTree = "<group>"; };
		48D29C3426D5B9AD007FF79B /* SceneDelegate.swift */ = {isa = PBXFileReference; lastKnownFileType = sourcecode.swift; path = SceneDelegate.swift; sourceTree = "<group>"; };
		48D29C3626D5B9AD007FF79B /* ViewController.swift */ = {isa = PBXFileReference; lastKnownFileType = sourcecode.swift; path = ViewController.swift; sourceTree = "<group>"; };
		48D29C3926D5B9AD007FF79B /* Base */ = {isa = PBXFileReference; lastKnownFileType = file.storyboard; name = Base; path = Base.lproj/Main.storyboard; sourceTree = "<group>"; };
		48D29C3B26D5B9B3007FF79B /* Assets.xcassets */ = {isa = PBXFileReference; lastKnownFileType = folder.assetcatalog; path = Assets.xcassets; sourceTree = "<group>"; };
		48D29C3E26D5B9B3007FF79B /* Base */ = {isa = PBXFileReference; lastKnownFileType = file.storyboard; name = Base; path = Base.lproj/LaunchScreen.storyboard; sourceTree = "<group>"; };
		48D29C4026D5B9B3007FF79B /* Info.plist */ = {isa = PBXFileReference; lastKnownFileType = text.plist.xml; path = Info.plist; sourceTree = "<group>"; };
		48DA50542705119E00745442 /* SingUpViewController.swift */ = {isa = PBXFileReference; lastKnownFileType = sourcecode.swift; path = SingUpViewController.swift; sourceTree = "<group>"; };
		48DA5056270511BA00745442 /* LoginViewController.swift */ = {isa = PBXFileReference; lastKnownFileType = sourcecode.swift; path = LoginViewController.swift; sourceTree = "<group>"; };
		48DAC8CC2710F105005B8598 /* PerfilTestCase.swift */ = {isa = PBXFileReference; lastKnownFileType = sourcecode.swift; path = PerfilTestCase.swift; sourceTree = "<group>"; };
		48DAC8CE2710F129005B8598 /* SingUpTestCase.swift */ = {isa = PBXFileReference; lastKnownFileType = sourcecode.swift; path = SingUpTestCase.swift; sourceTree = "<group>"; };
		48DAC8D02710F14A005B8598 /* LoginTestCase.swift */ = {isa = PBXFileReference; lastKnownFileType = sourcecode.swift; path = LoginTestCase.swift; sourceTree = "<group>"; };
		48E0E6FA271742DB0002FD97 /* MotivoChartViewController.swift */ = {isa = PBXFileReference; lastKnownFileType = sourcecode.swift; path = MotivoChartViewController.swift; sourceTree = "<group>"; };
		48E0E6FE27174DE60002FD97 /* MotivoController.swift */ = {isa = PBXFileReference; lastKnownFileType = sourcecode.swift; path = MotivoController.swift; sourceTree = "<group>"; };
		48F81A0226F59FAB000197FB /* iconos */ = {isa = PBXFileReference; lastKnownFileType = folder; path = iconos; sourceTree = "<group>"; };
		5B5B7F7EDB61D7FA45856C70 /* Pods-CETACTests.debug.xcconfig */ = {isa = PBXFileReference; includeInIndex = 1; lastKnownFileType = text.xcconfig; name = "Pods-CETACTests.debug.xcconfig"; path = "Target Support Files/Pods-CETACTests/Pods-CETACTests.debug.xcconfig"; sourceTree = "<group>"; };
		650A7330271A5CEE00E29861 /* generoPickerView.swift */ = {isa = PBXFileReference; lastKnownFileType = sourcecode.swift; path = generoPickerView.swift; sourceTree = "<group>"; };
		650A7332271A692900E29861 /* SesionesTableViewController.swift */ = {isa = PBXFileReference; lastKnownFileType = sourcecode.swift; path = SesionesTableViewController.swift; sourceTree = "<group>"; };
		650A7336271A6B1E00E29861 /* SesionTableViewCell.swift */ = {isa = PBXFileReference; lastKnownFileType = sourcecode.swift; path = SesionTableViewCell.swift; sourceTree = "<group>"; };
		650A7338271A9CEB00E29861 /* SesionDetalleViewController.swift */ = {isa = PBXFileReference; lastKnownFileType = sourcecode.swift; path = SesionDetalleViewController.swift; sourceTree = "<group>"; };
		652B6A2D270DDF49007E4FD7 /* Colors.swift */ = {isa = PBXFileReference; lastKnownFileType = sourcecode.swift; path = Colors.swift; sourceTree = "<group>"; };
		652B6A2F270DDF69007E4FD7 /* Usuario.swift */ = {isa = PBXFileReference; lastKnownFileType = sourcecode.swift; path = Usuario.swift; sourceTree = "<group>"; };
		652B6A31270DDF87007E4FD7 /* UsuarioController.swift */ = {isa = PBXFileReference; lastKnownFileType = sourcecode.swift; path = UsuarioController.swift; sourceTree = "<group>"; };
		652B6A33270DDF9D007E4FD7 /* Sesion.swift */ = {isa = PBXFileReference; lastKnownFileType = sourcecode.swift; path = Sesion.swift; sourceTree = "<group>"; };
		652B6A35270DDFB5007E4FD7 /* SesionController.swift */ = {isa = PBXFileReference; lastKnownFileType = sourcecode.swift; path = SesionController.swift; sourceTree = "<group>"; };
		652B6A37270DE1A7007E4FD7 /* UsuarioTableViewCell.swift */ = {isa = PBXFileReference; lastKnownFileType = sourcecode.swift; path = UsuarioTableViewCell.swift; sourceTree = "<group>"; };
		652B6A39270DE1D0007E4FD7 /* UsuariosTableViewController.swift */ = {isa = PBXFileReference; lastKnownFileType = sourcecode.swift; path = UsuariosTableViewController.swift; sourceTree = "<group>"; };
		652B6A3B270DE216007E4FD7 /* DetalleUsuarioViewController.swift */ = {isa = PBXFileReference; lastKnownFileType = sourcecode.swift; path = DetalleUsuarioViewController.swift; sourceTree = "<group>"; };
		652B6A3D270DE36A007E4FD7 /* EncuadreViewController.swift */ = {isa = PBXFileReference; lastKnownFileType = sourcecode.swift; path = EncuadreViewController.swift; sourceTree = "<group>"; };
		652B6A3F270DE3C4007E4FD7 /* motivosPickerView.swift */ = {isa = PBXFileReference; lastKnownFileType = sourcecode.swift; path = motivosPickerView.swift; sourceTree = "<group>"; };
		652B6A41270DE3DE007E4FD7 /* herramientasPickerView.swift */ = {isa = PBXFileReference; lastKnownFileType = sourcecode.swift; path = herramientasPickerView.swift; sourceTree = "<group>"; };
		652B6A43270DE3FB007E4FD7 /* intervencionPickerView.swift */ = {isa = PBXFileReference; lastKnownFileType = sourcecode.swift; path = intervencionPickerView.swift; sourceTree = "<group>"; };
		652B6A45270DE417007E4FD7 /* servicioPickerView.swift */ = {isa = PBXFileReference; lastKnownFileType = sourcecode.swift; path = servicioPickerView.swift; sourceTree = "<group>"; };
		652B6A47270DE434007E4FD7 /* estadoCivilPickerView.swift */ = {isa = PBXFileReference; lastKnownFileType = sourcecode.swift; path = estadoCivilPickerView.swift; sourceTree = "<group>"; };
		652B6A50270E14E4007E4FD7 /* Tanatologo.swift */ = {isa = PBXFileReference; lastKnownFileType = sourcecode.swift; path = Tanatologo.swift; sourceTree = "<group>"; };
		652B6A52270E1503007E4FD7 /* TanatologoController.swift */ = {isa = PBXFileReference; lastKnownFileType = sourcecode.swift; path = TanatologoController.swift; sourceTree = "<group>"; };
		6550C35E271B50C1009DDD9C /* CuotasChartViewController.swift */ = {isa = PBXFileReference; lastKnownFileType = sourcecode.swift; path = CuotasChartViewController.swift; sourceTree = "<group>"; };
		6550C360271B5113009DDD9C /* CuotasController.swift */ = {isa = PBXFileReference; lastKnownFileType = sourcecode.swift; path = CuotasController.swift; sourceTree = "<group>"; };
		659C4A4D27120C670096679B /* CerrarExpedienteTestCase.swift */ = {isa = PBXFileReference; lastKnownFileType = sourcecode.swift; path = CerrarExpedienteTestCase.swift; sourceTree = "<group>"; };
		659C4A4F2712111D0096679B /* UpdateProximaSesionTestCase.swift */ = {isa = PBXFileReference; lastKnownFileType = sourcecode.swift; path = UpdateProximaSesionTestCase.swift; sourceTree = "<group>"; };
		659C4A53271212EE0096679B /* CrearUsusariosTestCase.swift */ = {isa = PBXFileReference; lastKnownFileType = sourcecode.swift; path = CrearUsusariosTestCase.swift; sourceTree = "<group>"; };
		659C4A57271217810096679B /* GetUsuariosTestCase.swift */ = {isa = PBXFileReference; lastKnownFileType = sourcecode.swift; path = GetUsuariosTestCase.swift; sourceTree = "<group>"; };
		9BD5A2CAF36B072AAB80F4AC /* Pods-CETAC.release.xcconfig */ = {isa = PBXFileReference; includeInIndex = 1; lastKnownFileType = text.xcconfig; name = "Pods-CETAC.release.xcconfig"; path = "Target Support Files/Pods-CETAC/Pods-CETAC.release.xcconfig"; sourceTree = "<group>"; };
		B85A41DF25D81D44DDF917DB /* Pods_CETAC.framework */ = {isa = PBXFileReference; explicitFileType = wrapper.framework; includeInIndex = 0; path = Pods_CETAC.framework; sourceTree = BUILT_PRODUCTS_DIR; };
		EE9AE2A54981A2671564708F /* Pods-CETACTests.release.xcconfig */ = {isa = PBXFileReference; includeInIndex = 1; lastKnownFileType = text.xcconfig; name = "Pods-CETACTests.release.xcconfig"; path = "Target Support Files/Pods-CETACTests/Pods-CETACTests.release.xcconfig"; sourceTree = "<group>"; };
/* End PBXFileReference section */

/* Begin PBXFrameworksBuildPhase section */
		4823AA34270FA62000DDDC25 /* Frameworks */ = {
			isa = PBXFrameworksBuildPhase;
			buildActionMask = 2147483647;
			files = (
				DCF8254EDF6171D39ED93474 /* Pods_CETACTests.framework in Frameworks */,
			);
			runOnlyForDeploymentPostprocessing = 0;
		};
		48D29C2C26D5B9AD007FF79B /* Frameworks */ = {
			isa = PBXFrameworksBuildPhase;
			buildActionMask = 2147483647;
			files = (
				153E16C81561D04153BF4EE3 /* Pods_CETAC.framework in Frameworks */,
			);
			runOnlyForDeploymentPostprocessing = 0;
		};
/* End PBXFrameworksBuildPhase section */

/* Begin PBXGroup section */
		4803865D271650790096C52D /* servicios */ = {
			isa = PBXGroup;
			children = (
				48038660271650790096C52D /* biomagnetismo1.png */,
				4803866C271655F80096C52D /* logoterapia1.png */,
				4803866B271655F70096C52D /* mindfulness1.png */,
				4803866E271655FB0096C52D /* reiki1.png */,
				4803866D271655FA0096C52D /* tanatologia1.png */,
				48038661271650790096C52D /* angeloterapia1.png */,
				48038662271650790096C52D /* termica1.png */,
				48038663271650790096C52D /* cristales1.png */,
				48038664271650790096C52D /* grupal1.png */,
				48038665271650790096C52D /* brisas1.png */,
				48038666271650790096C52D /* individual1.png */,
				48038668271650790096C52D /* aromaterapiaMusicoterapia1.png */,
				48038669271650790096C52D /* floresBach1.png */,
			);
			path = servicios;
			sourceTree = "<group>";
		};
		4823AA38270FA62100DDDC25 /* CETACTests */ = {
			isa = PBXGroup;
			children = (
				4823AA39270FA62100DDDC25 /* CETACTests.swift */,
				4823AA3B270FA62100DDDC25 /* Info.plist */,
				4823AA45270FB21400DDDC25 /* ValidatorsTestCase.swift */,
				48DAC8CC2710F105005B8598 /* PerfilTestCase.swift */,
				48DAC8CE2710F129005B8598 /* SingUpTestCase.swift */,
				48DAC8D02710F14A005B8598 /* LoginTestCase.swift */,
				659C4A4D27120C670096679B /* CerrarExpedienteTestCase.swift */,
				659C4A53271212EE0096679B /* CrearUsusariosTestCase.swift */,
				659C4A4F2712111D0096679B /* UpdateProximaSesionTestCase.swift */,
				659C4A57271217810096679B /* GetUsuariosTestCase.swift */,
				3E8C36812712872C0028F832 /* GetSesionTestCase.swift */,
				3E8C36872712C5AE0028F832 /* CrearSesionesTestCase.swift */,
			);
			path = CETACTests;
			sourceTree = "<group>";
		};
		482FC93326D9C9530008D31F /* Controllers */ = {
			isa = PBXGroup;
			children = (
				482FC93426D9C98E0008D31F /* ContactoViewController.swift */,
				48C9E0C8270A6001002B72A9 /* LoginController.swift */,
				48CB2026270CCE5400E2DB22 /* SingUpController.swift */,
				652B6A37270DE1A7007E4FD7 /* UsuarioTableViewCell.swift */,
				652B6A39270DE1D0007E4FD7 /* UsuariosTableViewController.swift */,
				652B6A3B270DE216007E4FD7 /* DetalleUsuarioViewController.swift */,
				652B6A3D270DE36A007E4FD7 /* EncuadreViewController.swift */,
				652B6A3F270DE3C4007E4FD7 /* motivosPickerView.swift */,
				652B6A41270DE3DE007E4FD7 /* herramientasPickerView.swift */,
				652B6A43270DE3FB007E4FD7 /* intervencionPickerView.swift */,
				652B6A45270DE417007E4FD7 /* servicioPickerView.swift */,
				652B6A47270DE434007E4FD7 /* estadoCivilPickerView.swift */,
				3E8C367F270E10520028F832 /* SeguimientoViewController.swift */,
				4823AA41270FAE6700DDDC25 /* PerfilController.swift */,
				48E0E6FE27174DE60002FD97 /* MotivoController.swift */,
				650A7330271A5CEE00E29861 /* generoPickerView.swift */,
				650A7332271A692900E29861 /* SesionesTableViewController.swift */,
				6550C360271B5113009DDD9C /* CuotasController.swift */,
				650A7336271A6B1E00E29861 /* SesionTableViewCell.swift */,
				650A7338271A9CEB00E29861 /* SesionDetalleViewController.swift */,
			);
			path = Controllers;
			sourceTree = "<group>";
		};
		4887CEC2270D227600160313 /* SingUp-Login */ = {
			isa = PBXGroup;
			children = (
				48DA50542705119E00745442 /* SingUpViewController.swift */,
				48DA5056270511BA00745442 /* LoginViewController.swift */,
				481EC14B27092A2500987AE1 /* SingUp2ViewController.swift */,
				48C9E0C2270A2931002B72A9 /* TanatologoPerfilViewController.swift */,
				48C9E0C4270A44D8002B72A9 /* AdminPerfilViewController.swift */,
			);
			path = "SingUp-Login";
			sourceTree = "<group>";
		};
		48D29C2626D5B9AC007FF79B = {
			isa = PBXGroup;
			children = (
				48D29C3126D5B9AD007FF79B /* CETAC */,
				4823AA38270FA62100DDDC25 /* CETACTests */,
				48D29C3026D5B9AD007FF79B /* Products */,
				52CECFF3E052A9F3BDA28E87 /* Pods */,
				AAD7926F723DFA16EE32D01A /* Frameworks */,
			);
			sourceTree = "<group>";
		};
		48D29C3026D5B9AD007FF79B /* Products */ = {
			isa = PBXGroup;
			children = (
				48D29C2F26D5B9AD007FF79B /* CETAC.app */,
				4823AA37270FA62000DDDC25 /* CETACTests.xctest */,
			);
			name = Products;
			sourceTree = "<group>";
		};
		48D29C3126D5B9AD007FF79B /* CETAC */ = {
			isa = PBXGroup;
			children = (
				652B6A2C270DDF20007E4FD7 /* Helpers */,
				652B6A2B270DDF0C007E4FD7 /* Models */,
				4887CEC2270D227600160313 /* SingUp-Login */,
				48C66E532700E13000EA57B9 /* GoogleService-Info.plist */,
				482FC93326D9C9530008D31F /* Controllers */,
				48D29C3226D5B9AD007FF79B /* AppDelegate.swift */,
				6550C35E271B50C1009DDD9C /* CuotasChartViewController.swift */,
				48E0E6FA271742DB0002FD97 /* MotivoChartViewController.swift */,
				4823AA43270FAE9E00DDDC25 /* Validators.swift */,
				48F81A0226F59FAB000197FB /* iconos */,
				48D29C3426D5B9AD007FF79B /* SceneDelegate.swift */,
				48D29C3626D5B9AD007FF79B /* ViewController.swift */,
				48D29C3826D5B9AD007FF79B /* Main.storyboard */,
				4881CC8A26DEA1A600258340 /* AppIcon.appiconset */,
				488332B826D9B853002F0FCC /* PantallasCETAC */,
				48D29C3B26D5B9B3007FF79B /* Assets.xcassets */,
				4803865D271650790096C52D /* servicios */,
				48D29C3D26D5B9B3007FF79B /* LaunchScreen.storyboard */,
				48D29C4026D5B9B3007FF79B /* Info.plist */,
			);
			path = CETAC;
			sourceTree = "<group>";
		};
		52CECFF3E052A9F3BDA28E87 /* Pods */ = {
			isa = PBXGroup;
			children = (
				1EEA6879E585D199710BA2A9 /* Pods-CETAC.debug.xcconfig */,
				9BD5A2CAF36B072AAB80F4AC /* Pods-CETAC.release.xcconfig */,
				5B5B7F7EDB61D7FA45856C70 /* Pods-CETACTests.debug.xcconfig */,
				EE9AE2A54981A2671564708F /* Pods-CETACTests.release.xcconfig */,
			);
			path = Pods;
			sourceTree = "<group>";
		};
		652B6A2B270DDF0C007E4FD7 /* Models */ = {
			isa = PBXGroup;
			children = (
				652B6A2F270DDF69007E4FD7 /* Usuario.swift */,
				652B6A31270DDF87007E4FD7 /* UsuarioController.swift */,
				652B6A33270DDF9D007E4FD7 /* Sesion.swift */,
				652B6A35270DDFB5007E4FD7 /* SesionController.swift */,
				652B6A50270E14E4007E4FD7 /* Tanatologo.swift */,
				652B6A52270E1503007E4FD7 /* TanatologoController.swift */,
			);
			path = Models;
			sourceTree = "<group>";
		};
		652B6A2C270DDF20007E4FD7 /* Helpers */ = {
			isa = PBXGroup;
			children = (
				652B6A2D270DDF49007E4FD7 /* Colors.swift */,
			);
			path = Helpers;
			sourceTree = "<group>";
		};
		AAD7926F723DFA16EE32D01A /* Frameworks */ = {
			isa = PBXGroup;
			children = (
				B85A41DF25D81D44DDF917DB /* Pods_CETAC.framework */,
				3DEC5B153361C3CECCD32DD0 /* Pods_CETACTests.framework */,
			);
			name = Frameworks;
			sourceTree = "<group>";
		};
/* End PBXGroup section */

/* Begin PBXNativeTarget section */
		4823AA36270FA62000DDDC25 /* CETACTests */ = {
			isa = PBXNativeTarget;
			buildConfigurationList = 4823AA3E270FA62100DDDC25 /* Build configuration list for PBXNativeTarget "CETACTests" */;
			buildPhases = (
				29853E17E867338D9293B0AC /* [CP] Check Pods Manifest.lock */,
				4823AA33270FA62000DDDC25 /* Sources */,
				4823AA34270FA62000DDDC25 /* Frameworks */,
				4823AA35270FA62000DDDC25 /* Resources */,
				127A0591AF06F417CE11DF6E /* [CP] Embed Pods Frameworks */,
			);
			buildRules = (
			);
			dependencies = (
				4823AA3D270FA62100DDDC25 /* PBXTargetDependency */,
			);
			name = CETACTests;
			productName = CETACTests;
			productReference = 4823AA37270FA62000DDDC25 /* CETACTests.xctest */;
			productType = "com.apple.product-type.bundle.unit-test";
		};
		48D29C2E26D5B9AD007FF79B /* CETAC */ = {
			isa = PBXNativeTarget;
			buildConfigurationList = 48D29C4326D5B9B3007FF79B /* Build configuration list for PBXNativeTarget "CETAC" */;
			buildPhases = (
				A859609B0563502AB20CF306 /* [CP] Check Pods Manifest.lock */,
				48D29C2B26D5B9AD007FF79B /* Sources */,
				48D29C2C26D5B9AD007FF79B /* Frameworks */,
				48D29C2D26D5B9AD007FF79B /* Resources */,
				F6352F5A45FD285F5DE10383 /* [CP] Embed Pods Frameworks */,
			);
			buildRules = (
			);
			dependencies = (
			);
			name = CETAC;
			productName = CETAC;
			productReference = 48D29C2F26D5B9AD007FF79B /* CETAC.app */;
			productType = "com.apple.product-type.application";
		};
/* End PBXNativeTarget section */

/* Begin PBXProject section */
		48D29C2726D5B9AC007FF79B /* Project object */ = {
			isa = PBXProject;
			attributes = {
				LastSwiftUpdateCheck = 1250;
				LastUpgradeCheck = 1250;
				TargetAttributes = {
					4823AA36270FA62000DDDC25 = {
						CreatedOnToolsVersion = 12.5.1;
						TestTargetID = 48D29C2E26D5B9AD007FF79B;
					};
					48D29C2E26D5B9AD007FF79B = {
						CreatedOnToolsVersion = 12.5.1;
					};
				};
			};
			buildConfigurationList = 48D29C2A26D5B9AC007FF79B /* Build configuration list for PBXProject "CETAC" */;
			compatibilityVersion = "Xcode 9.3";
			developmentRegion = en;
			hasScannedForEncodings = 0;
			knownRegions = (
				en,
				Base,
			);
			mainGroup = 48D29C2626D5B9AC007FF79B;
			productRefGroup = 48D29C3026D5B9AD007FF79B /* Products */;
			projectDirPath = "";
			projectRoot = "";
			targets = (
				48D29C2E26D5B9AD007FF79B /* CETAC */,
				4823AA36270FA62000DDDC25 /* CETACTests */,
			);
		};
/* End PBXProject section */

/* Begin PBXResourcesBuildPhase section */
		4823AA35270FA62000DDDC25 /* Resources */ = {
			isa = PBXResourcesBuildPhase;
			buildActionMask = 2147483647;
			files = (
			);
			runOnlyForDeploymentPostprocessing = 0;
		};
		48D29C2D26D5B9AD007FF79B /* Resources */ = {
			isa = PBXResourcesBuildPhase;
			buildActionMask = 2147483647;
			files = (
				48D29C3F26D5B9B3007FF79B /* LaunchScreen.storyboard in Resources */,
				48038672271655FD0096C52D /* reiki1.png in Resources */,
				48038671271655FD0096C52D /* tanatologia1.png in Resources */,
				48038670271655FD0096C52D /* logoterapia1.png in Resources */,
				48D29C3C26D5B9B3007FF79B /* Assets.xcassets in Resources */,
				488332B926D9B853002F0FCC /* PantallasCETAC in Resources */,
				48F81A0326F59FAB000197FB /* iconos in Resources */,
				4803866F271655FD0096C52D /* mindfulness1.png in Resources */,
				4881CC8B26DEA1A600258340 /* AppIcon.appiconset in Resources */,
				48D29C3A26D5B9AD007FF79B /* Main.storyboard in Resources */,
				48C66E542700E13000EA57B9 /* GoogleService-Info.plist in Resources */,
			);
			runOnlyForDeploymentPostprocessing = 0;
		};
/* End PBXResourcesBuildPhase section */

/* Begin PBXShellScriptBuildPhase section */
		127A0591AF06F417CE11DF6E /* [CP] Embed Pods Frameworks */ = {
			isa = PBXShellScriptBuildPhase;
			buildActionMask = 2147483647;
			files = (
			);
			inputFileListPaths = (
				"${PODS_ROOT}/Target Support Files/Pods-CETACTests/Pods-CETACTests-frameworks-${CONFIGURATION}-input-files.xcfilelist",
			);
			name = "[CP] Embed Pods Frameworks";
			outputFileListPaths = (
				"${PODS_ROOT}/Target Support Files/Pods-CETACTests/Pods-CETACTests-frameworks-${CONFIGURATION}-output-files.xcfilelist",
			);
			runOnlyForDeploymentPostprocessing = 0;
			shellPath = /bin/sh;
			shellScript = "\"${PODS_ROOT}/Target Support Files/Pods-CETACTests/Pods-CETACTests-frameworks.sh\"\n";
			showEnvVarsInLog = 0;
		};
		29853E17E867338D9293B0AC /* [CP] Check Pods Manifest.lock */ = {
			isa = PBXShellScriptBuildPhase;
			buildActionMask = 2147483647;
			files = (
			);
			inputFileListPaths = (
			);
			inputPaths = (
				"${PODS_PODFILE_DIR_PATH}/Podfile.lock",
				"${PODS_ROOT}/Manifest.lock",
			);
			name = "[CP] Check Pods Manifest.lock";
			outputFileListPaths = (
			);
			outputPaths = (
				"$(DERIVED_FILE_DIR)/Pods-CETACTests-checkManifestLockResult.txt",
			);
			runOnlyForDeploymentPostprocessing = 0;
			shellPath = /bin/sh;
			shellScript = "diff \"${PODS_PODFILE_DIR_PATH}/Podfile.lock\" \"${PODS_ROOT}/Manifest.lock\" > /dev/null\nif [ $? != 0 ] ; then\n    # print error to STDERR\n    echo \"error: The sandbox is not in sync with the Podfile.lock. Run 'pod install' or update your CocoaPods installation.\" >&2\n    exit 1\nfi\n# This output is used by Xcode 'outputs' to avoid re-running this script phase.\necho \"SUCCESS\" > \"${SCRIPT_OUTPUT_FILE_0}\"\n";
			showEnvVarsInLog = 0;
		};
		A859609B0563502AB20CF306 /* [CP] Check Pods Manifest.lock */ = {
			isa = PBXShellScriptBuildPhase;
			buildActionMask = 2147483647;
			files = (
			);
			inputFileListPaths = (
			);
			inputPaths = (
				"${PODS_PODFILE_DIR_PATH}/Podfile.lock",
				"${PODS_ROOT}/Manifest.lock",
			);
			name = "[CP] Check Pods Manifest.lock";
			outputFileListPaths = (
			);
			outputPaths = (
				"$(DERIVED_FILE_DIR)/Pods-CETAC-checkManifestLockResult.txt",
			);
			runOnlyForDeploymentPostprocessing = 0;
			shellPath = /bin/sh;
			shellScript = "diff \"${PODS_PODFILE_DIR_PATH}/Podfile.lock\" \"${PODS_ROOT}/Manifest.lock\" > /dev/null\nif [ $? != 0 ] ; then\n    # print error to STDERR\n    echo \"error: The sandbox is not in sync with the Podfile.lock. Run 'pod install' or update your CocoaPods installation.\" >&2\n    exit 1\nfi\n# This output is used by Xcode 'outputs' to avoid re-running this script phase.\necho \"SUCCESS\" > \"${SCRIPT_OUTPUT_FILE_0}\"\n";
			showEnvVarsInLog = 0;
		};
		F6352F5A45FD285F5DE10383 /* [CP] Embed Pods Frameworks */ = {
			isa = PBXShellScriptBuildPhase;
			buildActionMask = 2147483647;
			files = (
			);
			inputFileListPaths = (
				"${PODS_ROOT}/Target Support Files/Pods-CETAC/Pods-CETAC-frameworks-${CONFIGURATION}-input-files.xcfilelist",
			);
			name = "[CP] Embed Pods Frameworks";
			outputFileListPaths = (
				"${PODS_ROOT}/Target Support Files/Pods-CETAC/Pods-CETAC-frameworks-${CONFIGURATION}-output-files.xcfilelist",
			);
			runOnlyForDeploymentPostprocessing = 0;
			shellPath = /bin/sh;
			shellScript = "\"${PODS_ROOT}/Target Support Files/Pods-CETAC/Pods-CETAC-frameworks.sh\"\n";
			showEnvVarsInLog = 0;
		};
/* End PBXShellScriptBuildPhase section */

/* Begin PBXSourcesBuildPhase section */
		4823AA33270FA62000DDDC25 /* Sources */ = {
			isa = PBXSourcesBuildPhase;
			buildActionMask = 2147483647;
			files = (
				48DAC8D12710F14A005B8598 /* LoginTestCase.swift in Sources */,
				4823AA46270FB21400DDDC25 /* ValidatorsTestCase.swift in Sources */,
				48DAC8CF2710F129005B8598 /* SingUpTestCase.swift in Sources */,
				4823AA3A270FA62100DDDC25 /* CETACTests.swift in Sources */,
				659C4A58271217810096679B /* GetUsuariosTestCase.swift in Sources */,
				659C4A502712111D0096679B /* UpdateProximaSesionTestCase.swift in Sources */,
				48DAC8CD2710F105005B8598 /* PerfilTestCase.swift in Sources */,
				3E8C36822712872C0028F832 /* GetSesionTestCase.swift in Sources */,
				659C4A54271212EE0096679B /* CrearUsusariosTestCase.swift in Sources */,
				3E8C36882712C5AE0028F832 /* CrearSesionesTestCase.swift in Sources */,
				659C4A4E27120C670096679B /* CerrarExpedienteTestCase.swift in Sources */,
			);
			runOnlyForDeploymentPostprocessing = 0;
		};
		48D29C2B26D5B9AD007FF79B /* Sources */ = {
			isa = PBXSourcesBuildPhase;
			buildActionMask = 2147483647;
			files = (
				650A7333271A692900E29861 /* SesionesTableViewController.swift in Sources */,
				650A7339271A9CEB00E29861 /* SesionDetalleViewController.swift in Sources */,
				652B6A30270DDF69007E4FD7 /* Usuario.swift in Sources */,
				652B6A51270E14E4007E4FD7 /* Tanatologo.swift in Sources */,
				652B6A3C270DE216007E4FD7 /* DetalleUsuarioViewController.swift in Sources */,
				652B6A42270DE3DE007E4FD7 /* herramientasPickerView.swift in Sources */,
				652B6A44270DE3FB007E4FD7 /* intervencionPickerView.swift in Sources */,
				652B6A2E270DDF49007E4FD7 /* Colors.swift in Sources */,
				48DA5057270511BA00745442 /* LoginViewController.swift in Sources */,
				652B6A38270DE1A7007E4FD7 /* UsuarioTableViewCell.swift in Sources */,
				4823AA44270FAE9E00DDDC25 /* Validators.swift in Sources */,
				48D29C3726D5B9AD007FF79B /* ViewController.swift in Sources */,
				48C9E0C9270A6001002B72A9 /* LoginController.swift in Sources */,
				652B6A48270DE434007E4FD7 /* estadoCivilPickerView.swift in Sources */,
				652B6A32270DDF87007E4FD7 /* UsuarioController.swift in Sources */,
				652B6A36270DDFB5007E4FD7 /* SesionController.swift in Sources */,
				482FC93526D9C98E0008D31F /* ContactoViewController.swift in Sources */,
				48C9E0C5270A44D8002B72A9 /* AdminPerfilViewController.swift in Sources */,
				652B6A40270DE3C4007E4FD7 /* motivosPickerView.swift in Sources */,
				48D29C3326D5B9AD007FF79B /* AppDelegate.swift in Sources */,
				6550C361271B5113009DDD9C /* CuotasController.swift in Sources */,
				652B6A34270DDF9D007E4FD7 /* Sesion.swift in Sources */,
				48E0E6FF27174DE60002FD97 /* MotivoController.swift in Sources */,
				4823AA42270FAE6700DDDC25 /* PerfilController.swift in Sources */,
				652B6A46270DE417007E4FD7 /* servicioPickerView.swift in Sources */,
				48C9E0C3270A2931002B72A9 /* TanatologoPerfilViewController.swift in Sources */,
				48DA50552705119E00745442 /* SingUpViewController.swift in Sources */,
				48CB2027270CCE5400E2DB22 /* SingUpController.swift in Sources */,
				652B6A3A270DE1D0007E4FD7 /* UsuariosTableViewController.swift in Sources */,
				652B6A3E270DE36A007E4FD7 /* EncuadreViewController.swift in Sources */,
				650A7331271A5CEE00E29861 /* generoPickerView.swift in Sources */,
				650A7337271A6B1E00E29861 /* SesionTableViewCell.swift in Sources */,
				6550C35F271B50C1009DDD9C /* CuotasChartViewController.swift in Sources */,
				48D29C3526D5B9AD007FF79B /* SceneDelegate.swift in Sources */,
				481EC14C27092A2500987AE1 /* SingUp2ViewController.swift in Sources */,
				48E0E6FB271742DB0002FD97 /* MotivoChartViewController.swift in Sources */,
				652B6A53270E1503007E4FD7 /* TanatologoController.swift in Sources */,
				3E8C3680270E10520028F832 /* SeguimientoViewController.swift in Sources */,
			);
			runOnlyForDeploymentPostprocessing = 0;
		};
/* End PBXSourcesBuildPhase section */

/* Begin PBXTargetDependency section */
		4823AA3D270FA62100DDDC25 /* PBXTargetDependency */ = {
			isa = PBXTargetDependency;
			target = 48D29C2E26D5B9AD007FF79B /* CETAC */;
			targetProxy = 4823AA3C270FA62100DDDC25 /* PBXContainerItemProxy */;
		};
/* End PBXTargetDependency section */

/* Begin PBXVariantGroup section */
		48D29C3826D5B9AD007FF79B /* Main.storyboard */ = {
			isa = PBXVariantGroup;
			children = (
				48D29C3926D5B9AD007FF79B /* Base */,
			);
			name = Main.storyboard;
			sourceTree = "<group>";
		};
		48D29C3D26D5B9B3007FF79B /* LaunchScreen.storyboard */ = {
			isa = PBXVariantGroup;
			children = (
				48D29C3E26D5B9B3007FF79B /* Base */,
			);
			name = LaunchScreen.storyboard;
			sourceTree = "<group>";
		};
/* End PBXVariantGroup section */

/* Begin XCBuildConfiguration section */
		4823AA3F270FA62100DDDC25 /* Debug */ = {
			isa = XCBuildConfiguration;
			baseConfigurationReference = 5B5B7F7EDB61D7FA45856C70 /* Pods-CETACTests.debug.xcconfig */;
			buildSettings = {
				BUNDLE_LOADER = "$(TEST_HOST)";
				CODE_SIGN_STYLE = Automatic;
				DEVELOPMENT_TEAM = H3GV9933GJ;
				HEADER_SEARCH_PATHS = (
					"$(inherited)",
					"${PODS_ROOT}/Firebase/Core/Sources/**",
				);
				INFOPLIST_FILE = CETACTests/Info.plist;
				LD_RUNPATH_SEARCH_PATHS = (
					"$(inherited)",
					"@executable_path/Frameworks",
					"@loader_path/Frameworks",
				);
				PRODUCT_BUNDLE_IDENTIFIER = mx.chicassuperpoderosas.CETACTests;
				PRODUCT_NAME = "$(TARGET_NAME)";
				SWIFT_VERSION = 5.0;
				TARGETED_DEVICE_FAMILY = "1,2";
				TEST_HOST = "$(BUILT_PRODUCTS_DIR)/CETAC.app/CETAC";
			};
			name = Debug;
		};
		4823AA40270FA62100DDDC25 /* Release */ = {
			isa = XCBuildConfiguration;
			baseConfigurationReference = EE9AE2A54981A2671564708F /* Pods-CETACTests.release.xcconfig */;
			buildSettings = {
				BUNDLE_LOADER = "$(TEST_HOST)";
				CODE_SIGN_STYLE = Automatic;
				DEVELOPMENT_TEAM = H3GV9933GJ;
				HEADER_SEARCH_PATHS = (
					"$(inherited)",
					"${PODS_ROOT}/Firebase/Core/Sources/**",
				);
				INFOPLIST_FILE = CETACTests/Info.plist;
				LD_RUNPATH_SEARCH_PATHS = (
					"$(inherited)",
					"@executable_path/Frameworks",
					"@loader_path/Frameworks",
				);
				PRODUCT_BUNDLE_IDENTIFIER = mx.chicassuperpoderosas.CETACTests;
				PRODUCT_NAME = "$(TARGET_NAME)";
				SWIFT_VERSION = 5.0;
				TARGETED_DEVICE_FAMILY = "1,2";
				TEST_HOST = "$(BUILT_PRODUCTS_DIR)/CETAC.app/CETAC";
			};
			name = Release;
		};
		48D29C4126D5B9B3007FF79B /* Debug */ = {
			isa = XCBuildConfiguration;
			buildSettings = {
				ALWAYS_SEARCH_USER_PATHS = NO;
				CLANG_ANALYZER_NONNULL = YES;
				CLANG_ANALYZER_NUMBER_OBJECT_CONVERSION = YES_AGGRESSIVE;
				CLANG_CXX_LANGUAGE_STANDARD = "gnu++14";
				CLANG_CXX_LIBRARY = "libc++";
				CLANG_ENABLE_MODULES = YES;
				CLANG_ENABLE_OBJC_ARC = YES;
				CLANG_ENABLE_OBJC_WEAK = YES;
				CLANG_WARN_BLOCK_CAPTURE_AUTORELEASING = YES;
				CLANG_WARN_BOOL_CONVERSION = YES;
				CLANG_WARN_COMMA = YES;
				CLANG_WARN_CONSTANT_CONVERSION = YES;
				CLANG_WARN_DEPRECATED_OBJC_IMPLEMENTATIONS = YES;
				CLANG_WARN_DIRECT_OBJC_ISA_USAGE = YES_ERROR;
				CLANG_WARN_DOCUMENTATION_COMMENTS = YES;
				CLANG_WARN_EMPTY_BODY = YES;
				CLANG_WARN_ENUM_CONVERSION = YES;
				CLANG_WARN_INFINITE_RECURSION = YES;
				CLANG_WARN_INT_CONVERSION = YES;
				CLANG_WARN_NON_LITERAL_NULL_CONVERSION = YES;
				CLANG_WARN_OBJC_IMPLICIT_RETAIN_SELF = YES;
				CLANG_WARN_OBJC_LITERAL_CONVERSION = YES;
				CLANG_WARN_OBJC_ROOT_CLASS = YES_ERROR;
				CLANG_WARN_QUOTED_INCLUDE_IN_FRAMEWORK_HEADER = YES;
				CLANG_WARN_RANGE_LOOP_ANALYSIS = YES;
				CLANG_WARN_STRICT_PROTOTYPES = YES;
				CLANG_WARN_SUSPICIOUS_MOVE = YES;
				CLANG_WARN_UNGUARDED_AVAILABILITY = YES_AGGRESSIVE;
				CLANG_WARN_UNREACHABLE_CODE = YES;
				CLANG_WARN__DUPLICATE_METHOD_MATCH = YES;
				COPY_PHASE_STRIP = NO;
				DEBUG_INFORMATION_FORMAT = dwarf;
				ENABLE_STRICT_OBJC_MSGSEND = YES;
				ENABLE_TESTABILITY = YES;
				GCC_C_LANGUAGE_STANDARD = gnu11;
				GCC_DYNAMIC_NO_PIC = NO;
				GCC_NO_COMMON_BLOCKS = YES;
				GCC_OPTIMIZATION_LEVEL = 0;
				GCC_PREPROCESSOR_DEFINITIONS = (
					"DEBUG=1",
					"$(inherited)",
				);
				GCC_WARN_64_TO_32_BIT_CONVERSION = YES;
				GCC_WARN_ABOUT_RETURN_TYPE = YES_ERROR;
				GCC_WARN_UNDECLARED_SELECTOR = YES;
				GCC_WARN_UNINITIALIZED_AUTOS = YES_AGGRESSIVE;
				GCC_WARN_UNUSED_FUNCTION = YES;
				GCC_WARN_UNUSED_VARIABLE = YES;
				IPHONEOS_DEPLOYMENT_TARGET = 14.5;
				MTL_ENABLE_DEBUG_INFO = INCLUDE_SOURCE;
				MTL_FAST_MATH = YES;
				ONLY_ACTIVE_ARCH = YES;
				SDKROOT = iphoneos;
				SWIFT_ACTIVE_COMPILATION_CONDITIONS = DEBUG;
				SWIFT_OPTIMIZATION_LEVEL = "-Onone";
			};
			name = Debug;
		};
		48D29C4226D5B9B3007FF79B /* Release */ = {
			isa = XCBuildConfiguration;
			buildSettings = {
				ALWAYS_SEARCH_USER_PATHS = NO;
				CLANG_ANALYZER_NONNULL = YES;
				CLANG_ANALYZER_NUMBER_OBJECT_CONVERSION = YES_AGGRESSIVE;
				CLANG_CXX_LANGUAGE_STANDARD = "gnu++14";
				CLANG_CXX_LIBRARY = "libc++";
				CLANG_ENABLE_MODULES = YES;
				CLANG_ENABLE_OBJC_ARC = YES;
				CLANG_ENABLE_OBJC_WEAK = YES;
				CLANG_WARN_BLOCK_CAPTURE_AUTORELEASING = YES;
				CLANG_WARN_BOOL_CONVERSION = YES;
				CLANG_WARN_COMMA = YES;
				CLANG_WARN_CONSTANT_CONVERSION = YES;
				CLANG_WARN_DEPRECATED_OBJC_IMPLEMENTATIONS = YES;
				CLANG_WARN_DIRECT_OBJC_ISA_USAGE = YES_ERROR;
				CLANG_WARN_DOCUMENTATION_COMMENTS = YES;
				CLANG_WARN_EMPTY_BODY = YES;
				CLANG_WARN_ENUM_CONVERSION = YES;
				CLANG_WARN_INFINITE_RECURSION = YES;
				CLANG_WARN_INT_CONVERSION = YES;
				CLANG_WARN_NON_LITERAL_NULL_CONVERSION = YES;
				CLANG_WARN_OBJC_IMPLICIT_RETAIN_SELF = YES;
				CLANG_WARN_OBJC_LITERAL_CONVERSION = YES;
				CLANG_WARN_OBJC_ROOT_CLASS = YES_ERROR;
				CLANG_WARN_QUOTED_INCLUDE_IN_FRAMEWORK_HEADER = YES;
				CLANG_WARN_RANGE_LOOP_ANALYSIS = YES;
				CLANG_WARN_STRICT_PROTOTYPES = YES;
				CLANG_WARN_SUSPICIOUS_MOVE = YES;
				CLANG_WARN_UNGUARDED_AVAILABILITY = YES_AGGRESSIVE;
				CLANG_WARN_UNREACHABLE_CODE = YES;
				CLANG_WARN__DUPLICATE_METHOD_MATCH = YES;
				COPY_PHASE_STRIP = NO;
				DEBUG_INFORMATION_FORMAT = "dwarf-with-dsym";
				ENABLE_NS_ASSERTIONS = NO;
				ENABLE_STRICT_OBJC_MSGSEND = YES;
				GCC_C_LANGUAGE_STANDARD = gnu11;
				GCC_NO_COMMON_BLOCKS = YES;
				GCC_WARN_64_TO_32_BIT_CONVERSION = YES;
				GCC_WARN_ABOUT_RETURN_TYPE = YES_ERROR;
				GCC_WARN_UNDECLARED_SELECTOR = YES;
				GCC_WARN_UNINITIALIZED_AUTOS = YES_AGGRESSIVE;
				GCC_WARN_UNUSED_FUNCTION = YES;
				GCC_WARN_UNUSED_VARIABLE = YES;
				IPHONEOS_DEPLOYMENT_TARGET = 14.5;
				MTL_ENABLE_DEBUG_INFO = NO;
				MTL_FAST_MATH = YES;
				SDKROOT = iphoneos;
				SWIFT_COMPILATION_MODE = wholemodule;
				SWIFT_OPTIMIZATION_LEVEL = "-O";
				VALIDATE_PRODUCT = YES;
			};
			name = Release;
		};
		48D29C4426D5B9B3007FF79B /* Debug */ = {
			isa = XCBuildConfiguration;
			baseConfigurationReference = 1EEA6879E585D199710BA2A9 /* Pods-CETAC.debug.xcconfig */;
			buildSettings = {
				ASSETCATALOG_COMPILER_APPICON_NAME = AppIcon;
				ASSETCATALOG_COMPILER_GLOBAL_ACCENT_COLOR_NAME = AccentColor;
				CODE_SIGN_STYLE = Automatic;
				DEVELOPMENT_TEAM = H3GV9933GJ;
				INFOPLIST_FILE = CETAC/Info.plist;
				LD_RUNPATH_SEARCH_PATHS = (
					"$(inherited)",
					"@executable_path/Frameworks",
				);
				PRODUCT_BUNDLE_IDENTIFIER = mx.chicasSuperpoderosas.CETAC;
				PRODUCT_NAME = "$(TARGET_NAME)";
				SWIFT_VERSION = 5.0;
				TARGETED_DEVICE_FAMILY = "1,2";
			};
			name = Debug;
		};
		48D29C4526D5B9B3007FF79B /* Release */ = {
			isa = XCBuildConfiguration;
			baseConfigurationReference = 9BD5A2CAF36B072AAB80F4AC /* Pods-CETAC.release.xcconfig */;
			buildSettings = {
				ASSETCATALOG_COMPILER_APPICON_NAME = AppIcon;
				ASSETCATALOG_COMPILER_GLOBAL_ACCENT_COLOR_NAME = AccentColor;
				CODE_SIGN_STYLE = Automatic;
				DEVELOPMENT_TEAM = H3GV9933GJ;
				INFOPLIST_FILE = CETAC/Info.plist;
				LD_RUNPATH_SEARCH_PATHS = (
					"$(inherited)",
					"@executable_path/Frameworks",
				);
				PRODUCT_BUNDLE_IDENTIFIER = mx.chicasSuperpoderosas.CETAC;
				PRODUCT_NAME = "$(TARGET_NAME)";
				SWIFT_VERSION = 5.0;
				TARGETED_DEVICE_FAMILY = "1,2";
			};
			name = Release;
		};
/* End XCBuildConfiguration section */

/* Begin XCConfigurationList section */
		4823AA3E270FA62100DDDC25 /* Build configuration list for PBXNativeTarget "CETACTests" */ = {
			isa = XCConfigurationList;
			buildConfigurations = (
				4823AA3F270FA62100DDDC25 /* Debug */,
				4823AA40270FA62100DDDC25 /* Release */,
			);
			defaultConfigurationIsVisible = 0;
			defaultConfigurationName = Release;
		};
		48D29C2A26D5B9AC007FF79B /* Build configuration list for PBXProject "CETAC" */ = {
			isa = XCConfigurationList;
			buildConfigurations = (
				48D29C4126D5B9B3007FF79B /* Debug */,
				48D29C4226D5B9B3007FF79B /* Release */,
			);
			defaultConfigurationIsVisible = 0;
			defaultConfigurationName = Release;
		};
		48D29C4326D5B9B3007FF79B /* Build configuration list for PBXNativeTarget "CETAC" */ = {
			isa = XCConfigurationList;
			buildConfigurations = (
				48D29C4426D5B9B3007FF79B /* Debug */,
				48D29C4526D5B9B3007FF79B /* Release */,
			);
			defaultConfigurationIsVisible = 0;
			defaultConfigurationName = Release;
		};
/* End XCConfigurationList section */
	};
	rootObject = 48D29C2726D5B9AC007FF79B /* Project object */;
}
