// !$*UTF8*$!
{
	archiveVersion = 1;
	classes = {
	};
	objectVersion = 51;
	objects = {

/* Begin PBXBuildFile section */
		153E16C81561D04153BF4EE3 /* Pods_CETAC.framework in Frameworks */ = {isa = PBXBuildFile; fileRef = B85A41DF25D81D44DDF917DB /* Pods_CETAC.framework */; };
		481EC14C27092A2500987AE1 /* SingUp2ViewController.swift in Sources */ = {isa = PBXBuildFile; fileRef = 481EC14B27092A2500987AE1 /* SingUp2ViewController.swift */; };
		482FC93526D9C98E0008D31F /* ContactoViewController.swift in Sources */ = {isa = PBXBuildFile; fileRef = 482FC93426D9C98E0008D31F /* ContactoViewController.swift */; };
		4881CC8B26DEA1A600258340 /* AppIcon.appiconset in Resources */ = {isa = PBXBuildFile; fileRef = 4881CC8A26DEA1A600258340 /* AppIcon.appiconset */; };
		488332B926D9B853002F0FCC /* PantallasCETAC in Resources */ = {isa = PBXBuildFile; fileRef = 488332B826D9B853002F0FCC /* PantallasCETAC */; };
		48C66E542700E13000EA57B9 /* GoogleService-Info.plist in Resources */ = {isa = PBXBuildFile; fileRef = 48C66E532700E13000EA57B9 /* GoogleService-Info.plist */; };
		48C9E0C3270A2931002B72A9 /* TanatologoPerfilViewController.swift in Sources */ = {isa = PBXBuildFile; fileRef = 48C9E0C2270A2931002B72A9 /* TanatologoPerfilViewController.swift */; };
		48C9E0C5270A44D8002B72A9 /* AdminPerfilViewController.swift in Sources */ = {isa = PBXBuildFile; fileRef = 48C9E0C4270A44D8002B72A9 /* AdminPerfilViewController.swift */; };
		48C9E0C9270A6001002B72A9 /* LoginController.swift in Sources */ = {isa = PBXBuildFile; fileRef = 48C9E0C8270A6001002B72A9 /* LoginController.swift */; };
		48C9E0CB270A8055002B72A9 /* TanatologoPerfilController.swift in Sources */ = {isa = PBXBuildFile; fileRef = 48C9E0CA270A8055002B72A9 /* TanatologoPerfilController.swift */; };
		48C9E0CD270A961D002B72A9 /* AdminPerfilController.swift in Sources */ = {isa = PBXBuildFile; fileRef = 48C9E0CC270A961D002B72A9 /* AdminPerfilController.swift */; };
		48CB2025270CCE3A00E2DB22 /* SingUp2Controller.swift in Sources */ = {isa = PBXBuildFile; fileRef = 48CB2024270CCE3A00E2DB22 /* SingUp2Controller.swift */; };
		48CB2027270CCE5400E2DB22 /* SingUpController.swift in Sources */ = {isa = PBXBuildFile; fileRef = 48CB2026270CCE5400E2DB22 /* SingUpController.swift */; };
		48D29C3326D5B9AD007FF79B /* AppDelegate.swift in Sources */ = {isa = PBXBuildFile; fileRef = 48D29C3226D5B9AD007FF79B /* AppDelegate.swift */; };
		48D29C3526D5B9AD007FF79B /* SceneDelegate.swift in Sources */ = {isa = PBXBuildFile; fileRef = 48D29C3426D5B9AD007FF79B /* SceneDelegate.swift */; };
		48D29C3726D5B9AD007FF79B /* ViewController.swift in Sources */ = {isa = PBXBuildFile; fileRef = 48D29C3626D5B9AD007FF79B /* ViewController.swift */; };
		48D29C3A26D5B9AD007FF79B /* Main.storyboard in Resources */ = {isa = PBXBuildFile; fileRef = 48D29C3826D5B9AD007FF79B /* Main.storyboard */; };
		48D29C3C26D5B9B3007FF79B /* Assets.xcassets in Resources */ = {isa = PBXBuildFile; fileRef = 48D29C3B26D5B9B3007FF79B /* Assets.xcassets */; };
		48D29C3F26D5B9B3007FF79B /* LaunchScreen.storyboard in Resources */ = {isa = PBXBuildFile; fileRef = 48D29C3D26D5B9B3007FF79B /* LaunchScreen.storyboard */; };
		48DA50552705119E00745442 /* SingUpViewController.swift in Sources */ = {isa = PBXBuildFile; fileRef = 48DA50542705119E00745442 /* SingUpViewController.swift */; };
		48DA5057270511BA00745442 /* LoginViewController.swift in Sources */ = {isa = PBXBuildFile; fileRef = 48DA5056270511BA00745442 /* LoginViewController.swift */; };
		48F81A0326F59FAB000197FB /* iconos in Resources */ = {isa = PBXBuildFile; fileRef = 48F81A0226F59FAB000197FB /* iconos */; };
/* End PBXBuildFile section */

/* Begin PBXFileReference section */
		1EEA6879E585D199710BA2A9 /* Pods-CETAC.debug.xcconfig */ = {isa = PBXFileReference; includeInIndex = 1; lastKnownFileType = text.xcconfig; name = "Pods-CETAC.debug.xcconfig"; path = "Target Support Files/Pods-CETAC/Pods-CETAC.debug.xcconfig"; sourceTree = "<group>"; };
		481EC14B27092A2500987AE1 /* SingUp2ViewController.swift */ = {isa = PBXFileReference; lastKnownFileType = sourcecode.swift; path = SingUp2ViewController.swift; sourceTree = "<group>"; };
		482FC93426D9C98E0008D31F /* ContactoViewController.swift */ = {isa = PBXFileReference; lastKnownFileType = sourcecode.swift; path = ContactoViewController.swift; sourceTree = "<group>"; };
		4881CC8A26DEA1A600258340 /* AppIcon.appiconset */ = {isa = PBXFileReference; lastKnownFileType = folder; path = AppIcon.appiconset; sourceTree = "<group>"; };
		488332B826D9B853002F0FCC /* PantallasCETAC */ = {isa = PBXFileReference; lastKnownFileType = folder; path = PantallasCETAC; sourceTree = "<group>"; };
		48C66E532700E13000EA57B9 /* GoogleService-Info.plist */ = {isa = PBXFileReference; fileEncoding = 4; lastKnownFileType = text.plist.xml; path = "GoogleService-Info.plist"; sourceTree = "<group>"; };
		48C9E0C2270A2931002B72A9 /* TanatologoPerfilViewController.swift */ = {isa = PBXFileReference; lastKnownFileType = sourcecode.swift; path = TanatologoPerfilViewController.swift; sourceTree = "<group>"; };
		48C9E0C4270A44D8002B72A9 /* AdminPerfilViewController.swift */ = {isa = PBXFileReference; lastKnownFileType = sourcecode.swift; path = AdminPerfilViewController.swift; sourceTree = "<group>"; };
		48C9E0C8270A6001002B72A9 /* LoginController.swift */ = {isa = PBXFileReference; lastKnownFileType = sourcecode.swift; path = LoginController.swift; sourceTree = "<group>"; };
		48C9E0CA270A8055002B72A9 /* TanatologoPerfilController.swift */ = {isa = PBXFileReference; lastKnownFileType = sourcecode.swift; path = TanatologoPerfilController.swift; sourceTree = "<group>"; };
		48C9E0CC270A961D002B72A9 /* AdminPerfilController.swift */ = {isa = PBXFileReference; lastKnownFileType = sourcecode.swift; path = AdminPerfilController.swift; sourceTree = "<group>"; };
		48CB2024270CCE3A00E2DB22 /* SingUp2Controller.swift */ = {isa = PBXFileReference; lastKnownFileType = sourcecode.swift; path = SingUp2Controller.swift; sourceTree = "<group>"; };
		48CB2026270CCE5400E2DB22 /* SingUpController.swift */ = {isa = PBXFileReference; lastKnownFileType = sourcecode.swift; path = SingUpController.swift; sourceTree = "<group>"; };
		48D29C2F26D5B9AD007FF79B /* CETAC.app */ = {isa = PBXFileReference; explicitFileType = wrapper.application; includeInIndex = 0; path = CETAC.app; sourceTree = BUILT_PRODUCTS_DIR; };
		48D29C3226D5B9AD007FF79B /* AppDelegate.swift */ = {isa = PBXFileReference; lastKnownFileType = sourcecode.swift; path = AppDelegate.swift; sourceTree = "<group>"; };
		48D29C3426D5B9AD007FF79B /* SceneDelegate.swift */ = {isa = PBXFileReference; lastKnownFileType = sourcecode.swift; path = SceneDelegate.swift; sourceTree = "<group>"; };
		48D29C3626D5B9AD007FF79B /* ViewController.swift */ = {isa = PBXFileReference; lastKnownFileType = sourcecode.swift; path = ViewController.swift; sourceTree = "<group>"; };
		48D29C3926D5B9AD007FF79B /* Base */ = {isa = PBXFileReference; lastKnownFileType = file.storyboard; name = Base; path = Base.lproj/Main.storyboard; sourceTree = "<group>"; };
		48D29C3B26D5B9B3007FF79B /* Assets.xcassets */ = {isa = PBXFileReference; lastKnownFileType = folder.assetcatalog; path = Assets.xcassets; sourceTree = "<group>"; };
		48D29C3E26D5B9B3007FF79B /* Base */ = {isa = PBXFileReference; lastKnownFileType = file.storyboard; name = Base; path = Base.lproj/LaunchScreen.storyboard; sourceTree = "<group>"; };
		48D29C4026D5B9B3007FF79B /* Info.plist */ = {isa = PBXFileReference; lastKnownFileType = text.plist.xml; path = Info.plist; sourceTree = "<group>"; };
		48DA50542705119E00745442 /* SingUpViewController.swift */ = {isa = PBXFileReference; lastKnownFileType = sourcecode.swift; path = SingUpViewController.swift; sourceTree = "<group>"; };
		48DA5056270511BA00745442 /* LoginViewController.swift */ = {isa = PBXFileReference; lastKnownFileType = sourcecode.swift; path = LoginViewController.swift; sourceTree = "<group>"; };
		48F81A0226F59FAB000197FB /* iconos */ = {isa = PBXFileReference; lastKnownFileType = folder; path = iconos; sourceTree = "<group>"; };
		9BD5A2CAF36B072AAB80F4AC /* Pods-CETAC.release.xcconfig */ = {isa = PBXFileReference; includeInIndex = 1; lastKnownFileType = text.xcconfig; name = "Pods-CETAC.release.xcconfig"; path = "Target Support Files/Pods-CETAC/Pods-CETAC.release.xcconfig"; sourceTree = "<group>"; };
		B85A41DF25D81D44DDF917DB /* Pods_CETAC.framework */ = {isa = PBXFileReference; explicitFileType = wrapper.framework; includeInIndex = 0; path = Pods_CETAC.framework; sourceTree = BUILT_PRODUCTS_DIR; };
/* End PBXFileReference section */

/* Begin PBXFrameworksBuildPhase section */
		48D29C2C26D5B9AD007FF79B /* Frameworks */ = {
			isa = PBXFrameworksBuildPhase;
			buildActionMask = 2147483647;
			files = (
				153E16C81561D04153BF4EE3 /* Pods_CETAC.framework in Frameworks */,
			);
			runOnlyForDeploymentPostprocessing = 0;
		};
/* End PBXFrameworksBuildPhase section */

/* Begin PBXGroup section */
		482FC93326D9C9530008D31F /* Controllers */ = {
			isa = PBXGroup;
			children = (
				482FC93426D9C98E0008D31F /* ContactoViewController.swift */,
				48C9E0C8270A6001002B72A9 /* LoginController.swift */,
				48C9E0CA270A8055002B72A9 /* TanatologoPerfilController.swift */,
				48C9E0CC270A961D002B72A9 /* AdminPerfilController.swift */,
				48CB2024270CCE3A00E2DB22 /* SingUp2Controller.swift */,
				48CB2026270CCE5400E2DB22 /* SingUpController.swift */,
			);
			path = Controllers;
			sourceTree = "<group>";
		};
		4887CEC2270D227600160313 /* SingUp-Login */ = {
			isa = PBXGroup;
			children = (
				48DA50542705119E00745442 /* SingUpViewController.swift */,
				48DA5056270511BA00745442 /* LoginViewController.swift */,
				481EC14B27092A2500987AE1 /* SingUp2ViewController.swift */,
				48C9E0C2270A2931002B72A9 /* TanatologoPerfilViewController.swift */,
				48C9E0C4270A44D8002B72A9 /* AdminPerfilViewController.swift */,
			);
			path = "SingUp-Login";
			sourceTree = "<group>";
		};
		48D29C2626D5B9AC007FF79B = {
			isa = PBXGroup;
			children = (
				48D29C3126D5B9AD007FF79B /* CETAC */,
				48D29C3026D5B9AD007FF79B /* Products */,
				52CECFF3E052A9F3BDA28E87 /* Pods */,
				AAD7926F723DFA16EE32D01A /* Frameworks */,
			);
			sourceTree = "<group>";
		};
		48D29C3026D5B9AD007FF79B /* Products */ = {
			isa = PBXGroup;
			children = (
				48D29C2F26D5B9AD007FF79B /* CETAC.app */,
			);
			name = Products;
			sourceTree = "<group>";
		};
		48D29C3126D5B9AD007FF79B /* CETAC */ = {
			isa = PBXGroup;
			children = (
				4887CEC2270D227600160313 /* SingUp-Login */,
				48C66E532700E13000EA57B9 /* GoogleService-Info.plist */,
				482FC93326D9C9530008D31F /* Controllers */,
				48D29C3226D5B9AD007FF79B /* AppDelegate.swift */,
				48F81A0226F59FAB000197FB /* iconos */,
				48D29C3426D5B9AD007FF79B /* SceneDelegate.swift */,
				48D29C3626D5B9AD007FF79B /* ViewController.swift */,
				48D29C3826D5B9AD007FF79B /* Main.storyboard */,
				4881CC8A26DEA1A600258340 /* AppIcon.appiconset */,
				488332B826D9B853002F0FCC /* PantallasCETAC */,
				48D29C3B26D5B9B3007FF79B /* Assets.xcassets */,
				48D29C3D26D5B9B3007FF79B /* LaunchScreen.storyboard */,
				48D29C4026D5B9B3007FF79B /* Info.plist */,
			);
			path = CETAC;
			sourceTree = "<group>";
		};
		52CECFF3E052A9F3BDA28E87 /* Pods */ = {
			isa = PBXGroup;
			children = (
				1EEA6879E585D199710BA2A9 /* Pods-CETAC.debug.xcconfig */,
				9BD5A2CAF36B072AAB80F4AC /* Pods-CETAC.release.xcconfig */,
			);
			path = Pods;
			sourceTree = "<group>";
		};
		AAD7926F723DFA16EE32D01A /* Frameworks */ = {
			isa = PBXGroup;
			children = (
				B85A41DF25D81D44DDF917DB /* Pods_CETAC.framework */,
			);
			name = Frameworks;
			sourceTree = "<group>";
		};
/* End PBXGroup section */

/* Begin PBXNativeTarget section */
		48D29C2E26D5B9AD007FF79B /* CETAC */ = {
			isa = PBXNativeTarget;
			buildConfigurationList = 48D29C4326D5B9B3007FF79B /* Build configuration list for PBXNativeTarget "CETAC" */;
			buildPhases = (
				A859609B0563502AB20CF306 /* [CP] Check Pods Manifest.lock */,
				48D29C2B26D5B9AD007FF79B /* Sources */,
				48D29C2C26D5B9AD007FF79B /* Frameworks */,
				48D29C2D26D5B9AD007FF79B /* Resources */,
				F6352F5A45FD285F5DE10383 /* [CP] Embed Pods Frameworks */,
			);
			buildRules = (
			);
			dependencies = (
			);
			name = CETAC;
			productName = CETAC;
			productReference = 48D29C2F26D5B9AD007FF79B /* CETAC.app */;
			productType = "com.apple.product-type.application";
		};
/* End PBXNativeTarget section */

/* Begin PBXProject section */
		48D29C2726D5B9AC007FF79B /* Project object */ = {
			isa = PBXProject;
			attributes = {
				LastSwiftUpdateCheck = 1250;
				LastUpgradeCheck = 1250;
				TargetAttributes = {
					48D29C2E26D5B9AD007FF79B = {
						CreatedOnToolsVersion = 12.5.1;
					};
				};
			};
			buildConfigurationList = 48D29C2A26D5B9AC007FF79B /* Build configuration list for PBXProject "CETAC" */;
			compatibilityVersion = "Xcode 9.3";
			developmentRegion = en;
			hasScannedForEncodings = 0;
			knownRegions = (
				en,
				Base,
			);
			mainGroup = 48D29C2626D5B9AC007FF79B;
			productRefGroup = 48D29C3026D5B9AD007FF79B /* Products */;
			projectDirPath = "";
			projectRoot = "";
			targets = (
				48D29C2E26D5B9AD007FF79B /* CETAC */,
			);
		};
/* End PBXProject section */

/* Begin PBXResourcesBuildPhase section */
		48D29C2D26D5B9AD007FF79B /* Resources */ = {
			isa = PBXResourcesBuildPhase;
			buildActionMask = 2147483647;
			files = (
				48D29C3F26D5B9B3007FF79B /* LaunchScreen.storyboard in Resources */,
				48D29C3C26D5B9B3007FF79B /* Assets.xcassets in Resources */,
				488332B926D9B853002F0FCC /* PantallasCETAC in Resources */,
				48F81A0326F59FAB000197FB /* iconos in Resources */,
				4881CC8B26DEA1A600258340 /* AppIcon.appiconset in Resources */,
				48D29C3A26D5B9AD007FF79B /* Main.storyboard in Resources */,
				48C66E542700E13000EA57B9 /* GoogleService-Info.plist in Resources */,
			);
			runOnlyForDeploymentPostprocessing = 0;
		};
/* End PBXResourcesBuildPhase section */

/* Begin PBXShellScriptBuildPhase section */
		A859609B0563502AB20CF306 /* [CP] Check Pods Manifest.lock */ = {
			isa = PBXShellScriptBuildPhase;
			buildActionMask = 2147483647;
			files = (
			);
			inputFileListPaths = (
			);
			inputPaths = (
				"${PODS_PODFILE_DIR_PATH}/Podfile.lock",
				"${PODS_ROOT}/Manifest.lock",
			);
			name = "[CP] Check Pods Manifest.lock";
			outputFileListPaths = (
			);
			outputPaths = (
				"$(DERIVED_FILE_DIR)/Pods-CETAC-checkManifestLockResult.txt",
			);
			runOnlyForDeploymentPostprocessing = 0;
			shellPath = /bin/sh;
			shellScript = "diff \"${PODS_PODFILE_DIR_PATH}/Podfile.lock\" \"${PODS_ROOT}/Manifest.lock\" > /dev/null\nif [ $? != 0 ] ; then\n    # print error to STDERR\n    echo \"error: The sandbox is not in sync with the Podfile.lock. Run 'pod install' or update your CocoaPods installation.\" >&2\n    exit 1\nfi\n# This output is used by Xcode 'outputs' to avoid re-running this script phase.\necho \"SUCCESS\" > \"${SCRIPT_OUTPUT_FILE_0}\"\n";
			showEnvVarsInLog = 0;
		};
		F6352F5A45FD285F5DE10383 /* [CP] Embed Pods Frameworks */ = {
			isa = PBXShellScriptBuildPhase;
			buildActionMask = 2147483647;
			files = (
			);
			inputFileListPaths = (
				"${PODS_ROOT}/Target Support Files/Pods-CETAC/Pods-CETAC-frameworks-${CONFIGURATION}-input-files.xcfilelist",
			);
			name = "[CP] Embed Pods Frameworks";
			outputFileListPaths = (
				"${PODS_ROOT}/Target Support Files/Pods-CETAC/Pods-CETAC-frameworks-${CONFIGURATION}-output-files.xcfilelist",
			);
			runOnlyForDeploymentPostprocessing = 0;
			shellPath = /bin/sh;
			shellScript = "\"${PODS_ROOT}/Target Support Files/Pods-CETAC/Pods-CETAC-frameworks.sh\"\n";
			showEnvVarsInLog = 0;
		};
/* End PBXShellScriptBuildPhase section */

/* Begin PBXSourcesBuildPhase section */
		48D29C2B26D5B9AD007FF79B /* Sources */ = {
			isa = PBXSourcesBuildPhase;
			buildActionMask = 2147483647;
			files = (
				48CB2025270CCE3A00E2DB22 /* SingUp2Controller.swift in Sources */,
				48DA5057270511BA00745442 /* LoginViewController.swift in Sources */,
				48D29C3726D5B9AD007FF79B /* ViewController.swift in Sources */,
				48C9E0C9270A6001002B72A9 /* LoginController.swift in Sources */,
				482FC93526D9C98E0008D31F /* ContactoViewController.swift in Sources */,
				48C9E0C5270A44D8002B72A9 /* AdminPerfilViewController.swift in Sources */,
				48D29C3326D5B9AD007FF79B /* AppDelegate.swift in Sources */,
				48C9E0C3270A2931002B72A9 /* TanatologoPerfilViewController.swift in Sources */,
				48DA50552705119E00745442 /* SingUpViewController.swift in Sources */,
				48CB2027270CCE5400E2DB22 /* SingUpController.swift in Sources */,
				48D29C3526D5B9AD007FF79B /* SceneDelegate.swift in Sources */,
				48C9E0CD270A961D002B72A9 /* AdminPerfilController.swift in Sources */,
				481EC14C27092A2500987AE1 /* SingUp2ViewController.swift in Sources */,
				48C9E0CB270A8055002B72A9 /* TanatologoPerfilController.swift in Sources */,
			);
			runOnlyForDeploymentPostprocessing = 0;
		};
/* End PBXSourcesBuildPhase section */

/* Begin PBXVariantGroup section */
		48D29C3826D5B9AD007FF79B /* Main.storyboard */ = {
			isa = PBXVariantGroup;
			children = (
				48D29C3926D5B9AD007FF79B /* Base */,
			);
			name = Main.storyboard;
			sourceTree = "<group>";
		};
		48D29C3D26D5B9B3007FF79B /* LaunchScreen.storyboard */ = {
			isa = PBXVariantGroup;
			children = (
				48D29C3E26D5B9B3007FF79B /* Base */,
			);
			name = LaunchScreen.storyboard;
			sourceTree = "<group>";
		};
/* End PBXVariantGroup section */

/* Begin XCBuildConfiguration section */
		48D29C4126D5B9B3007FF79B /* Debug */ = {
			isa = XCBuildConfiguration;
			buildSettings = {
				ALWAYS_SEARCH_USER_PATHS = NO;
				CLANG_ANALYZER_NONNULL = YES;
				CLANG_ANALYZER_NUMBER_OBJECT_CONVERSION = YES_AGGRESSIVE;
				CLANG_CXX_LANGUAGE_STANDARD = "gnu++14";
				CLANG_CXX_LIBRARY = "libc++";
				CLANG_ENABLE_MODULES = YES;
				CLANG_ENABLE_OBJC_ARC = YES;
				CLANG_ENABLE_OBJC_WEAK = YES;
				CLANG_WARN_BLOCK_CAPTURE_AUTORELEASING = YES;
				CLANG_WARN_BOOL_CONVERSION = YES;
				CLANG_WARN_COMMA = YES;
				CLANG_WARN_CONSTANT_CONVERSION = YES;
				CLANG_WARN_DEPRECATED_OBJC_IMPLEMENTATIONS = YES;
				CLANG_WARN_DIRECT_OBJC_ISA_USAGE = YES_ERROR;
				CLANG_WARN_DOCUMENTATION_COMMENTS = YES;
				CLANG_WARN_EMPTY_BODY = YES;
				CLANG_WARN_ENUM_CONVERSION = YES;
				CLANG_WARN_INFINITE_RECURSION = YES;
				CLANG_WARN_INT_CONVERSION = YES;
				CLANG_WARN_NON_LITERAL_NULL_CONVERSION = YES;
				CLANG_WARN_OBJC_IMPLICIT_RETAIN_SELF = YES;
				CLANG_WARN_OBJC_LITERAL_CONVERSION = YES;
				CLANG_WARN_OBJC_ROOT_CLASS = YES_ERROR;
				CLANG_WARN_QUOTED_INCLUDE_IN_FRAMEWORK_HEADER = YES;
				CLANG_WARN_RANGE_LOOP_ANALYSIS = YES;
				CLANG_WARN_STRICT_PROTOTYPES = YES;
				CLANG_WARN_SUSPICIOUS_MOVE = YES;
				CLANG_WARN_UNGUARDED_AVAILABILITY = YES_AGGRESSIVE;
				CLANG_WARN_UNREACHABLE_CODE = YES;
				CLANG_WARN__DUPLICATE_METHOD_MATCH = YES;
				COPY_PHASE_STRIP = NO;
				DEBUG_INFORMATION_FORMAT = dwarf;
				ENABLE_STRICT_OBJC_MSGSEND = YES;
				ENABLE_TESTABILITY = YES;
				GCC_C_LANGUAGE_STANDARD = gnu11;
				GCC_DYNAMIC_NO_PIC = NO;
				GCC_NO_COMMON_BLOCKS = YES;
				GCC_OPTIMIZATION_LEVEL = 0;
				GCC_PREPROCESSOR_DEFINITIONS = (
					"DEBUG=1",
					"$(inherited)",
				);
				GCC_WARN_64_TO_32_BIT_CONVERSION = YES;
				GCC_WARN_ABOUT_RETURN_TYPE = YES_ERROR;
				GCC_WARN_UNDECLARED_SELECTOR = YES;
				GCC_WARN_UNINITIALIZED_AUTOS = YES_AGGRESSIVE;
				GCC_WARN_UNUSED_FUNCTION = YES;
				GCC_WARN_UNUSED_VARIABLE = YES;
				IPHONEOS_DEPLOYMENT_TARGET = 14.5;
				MTL_ENABLE_DEBUG_INFO = INCLUDE_SOURCE;
				MTL_FAST_MATH = YES;
				ONLY_ACTIVE_ARCH = YES;
				SDKROOT = iphoneos;
				SWIFT_ACTIVE_COMPILATION_CONDITIONS = DEBUG;
				SWIFT_OPTIMIZATION_LEVEL = "-Onone";
			};
			name = Debug;
		};
		48D29C4226D5B9B3007FF79B /* Release */ = {
			isa = XCBuildConfiguration;
			buildSettings = {
				ALWAYS_SEARCH_USER_PATHS = NO;
				CLANG_ANALYZER_NONNULL = YES;
				CLANG_ANALYZER_NUMBER_OBJECT_CONVERSION = YES_AGGRESSIVE;
				CLANG_CXX_LANGUAGE_STANDARD = "gnu++14";
				CLANG_CXX_LIBRARY = "libc++";
				CLANG_ENABLE_MODULES = YES;
				CLANG_ENABLE_OBJC_ARC = YES;
				CLANG_ENABLE_OBJC_WEAK = YES;
				CLANG_WARN_BLOCK_CAPTURE_AUTORELEASING = YES;
				CLANG_WARN_BOOL_CONVERSION = YES;
				CLANG_WARN_COMMA = YES;
				CLANG_WARN_CONSTANT_CONVERSION = YES;
				CLANG_WARN_DEPRECATED_OBJC_IMPLEMENTATIONS = YES;
				CLANG_WARN_DIRECT_OBJC_ISA_USAGE = YES_ERROR;
				CLANG_WARN_DOCUMENTATION_COMMENTS = YES;
				CLANG_WARN_EMPTY_BODY = YES;
				CLANG_WARN_ENUM_CONVERSION = YES;
				CLANG_WARN_INFINITE_RECURSION = YES;
				CLANG_WARN_INT_CONVERSION = YES;
				CLANG_WARN_NON_LITERAL_NULL_CONVERSION = YES;
				CLANG_WARN_OBJC_IMPLICIT_RETAIN_SELF = YES;
				CLANG_WARN_OBJC_LITERAL_CONVERSION = YES;
				CLANG_WARN_OBJC_ROOT_CLASS = YES_ERROR;
				CLANG_WARN_QUOTED_INCLUDE_IN_FRAMEWORK_HEADER = YES;
				CLANG_WARN_RANGE_LOOP_ANALYSIS = YES;
				CLANG_WARN_STRICT_PROTOTYPES = YES;
				CLANG_WARN_SUSPICIOUS_MOVE = YES;
				CLANG_WARN_UNGUARDED_AVAILABILITY = YES_AGGRESSIVE;
				CLANG_WARN_UNREACHABLE_CODE = YES;
				CLANG_WARN__DUPLICATE_METHOD_MATCH = YES;
				COPY_PHASE_STRIP = NO;
				DEBUG_INFORMATION_FORMAT = "dwarf-with-dsym";
				ENABLE_NS_ASSERTIONS = NO;
				ENABLE_STRICT_OBJC_MSGSEND = YES;
				GCC_C_LANGUAGE_STANDARD = gnu11;
				GCC_NO_COMMON_BLOCKS = YES;
				GCC_WARN_64_TO_32_BIT_CONVERSION = YES;
				GCC_WARN_ABOUT_RETURN_TYPE = YES_ERROR;
				GCC_WARN_UNDECLARED_SELECTOR = YES;
				GCC_WARN_UNINITIALIZED_AUTOS = YES_AGGRESSIVE;
				GCC_WARN_UNUSED_FUNCTION = YES;
				GCC_WARN_UNUSED_VARIABLE = YES;
				IPHONEOS_DEPLOYMENT_TARGET = 14.5;
				MTL_ENABLE_DEBUG_INFO = NO;
				MTL_FAST_MATH = YES;
				SDKROOT = iphoneos;
				SWIFT_COMPILATION_MODE = wholemodule;
				SWIFT_OPTIMIZATION_LEVEL = "-O";
				VALIDATE_PRODUCT = YES;
			};
			name = Release;
		};
		48D29C4426D5B9B3007FF79B /* Debug */ = {
			isa = XCBuildConfiguration;
			baseConfigurationReference = 1EEA6879E585D199710BA2A9 /* Pods-CETAC.debug.xcconfig */;
			buildSettings = {
				ASSETCATALOG_COMPILER_APPICON_NAME = AppIcon;
				ASSETCATALOG_COMPILER_GLOBAL_ACCENT_COLOR_NAME = AccentColor;
				CODE_SIGN_STYLE = Automatic;
				DEVELOPMENT_TEAM = H3GV9933GJ;
				INFOPLIST_FILE = CETAC/Info.plist;
				LD_RUNPATH_SEARCH_PATHS = (
					"$(inherited)",
					"@executable_path/Frameworks",
				);
				PRODUCT_BUNDLE_IDENTIFIER = mx.chicasSuperpoderosas.CETAC;
				PRODUCT_NAME = "$(TARGET_NAME)";
				SWIFT_VERSION = 5.0;
				TARGETED_DEVICE_FAMILY = "1,2";
			};
			name = Debug;
		};
		48D29C4526D5B9B3007FF79B /* Release */ = {
			isa = XCBuildConfiguration;
			baseConfigurationReference = 9BD5A2CAF36B072AAB80F4AC /* Pods-CETAC.release.xcconfig */;
			buildSettings = {
				ASSETCATALOG_COMPILER_APPICON_NAME = AppIcon;
				ASSETCATALOG_COMPILER_GLOBAL_ACCENT_COLOR_NAME = AccentColor;
				CODE_SIGN_STYLE = Automatic;
				DEVELOPMENT_TEAM = H3GV9933GJ;
				INFOPLIST_FILE = CETAC/Info.plist;
				LD_RUNPATH_SEARCH_PATHS = (
					"$(inherited)",
					"@executable_path/Frameworks",
				);
				PRODUCT_BUNDLE_IDENTIFIER = mx.chicasSuperpoderosas.CETAC;
				PRODUCT_NAME = "$(TARGET_NAME)";
				SWIFT_VERSION = 5.0;
				TARGETED_DEVICE_FAMILY = "1,2";
			};
			name = Release;
		};
/* End XCBuildConfiguration section */

/* Begin XCConfigurationList section */
		48D29C2A26D5B9AC007FF79B /* Build configuration list for PBXProject "CETAC" */ = {
			isa = XCConfigurationList;
			buildConfigurations = (
				48D29C4126D5B9B3007FF79B /* Debug */,
				48D29C4226D5B9B3007FF79B /* Release */,
			);
			defaultConfigurationIsVisible = 0;
			defaultConfigurationName = Release;
		};
		48D29C4326D5B9B3007FF79B /* Build configuration list for PBXNativeTarget "CETAC" */ = {
			isa = XCConfigurationList;
			buildConfigurations = (
				48D29C4426D5B9B3007FF79B /* Debug */,
				48D29C4526D5B9B3007FF79B /* Release */,
			);
			defaultConfigurationIsVisible = 0;
			defaultConfigurationName = Release;
		};
/* End XCConfigurationList section */
	};
	rootObject = 48D29C2726D5B9AC007FF79B /* Project object */;
}
